
Microsoft Visual Studio Solution File, Format Version 12.00
# Visual Studio 15
VisualStudioVersion = 15.0.28307.779
MinimumVisualStudioVersion = 10.0.40219.1
Project("{8BC9CEB8-8B4A-11D0-8D11-00A0C91BC942}") = "Mission3", "Mission3\Mission3.vcxproj", "{50808070-EC2E-40CE-80BB-36782F689B94}"
EndProject
Global
	GlobalSection(SolutionConfigurationPlatforms) = preSolution
		Debug|x64 = Debug|x64
		Debug|x86 = Debug|x86
		Release|x64 = Release|x64
		Release|x86 = Release|x86
	EndGlobalSection
	GlobalSection(ProjectConfigurationPlatforms) = postSolution
		{50808070-EC2E-40CE-80BB-36782F689B94}.Debug|x64.ActiveCfg = Debug|x64
		{50808070-EC2E-40CE-80BB-36782F689B94}.Debug|x64.Build.0 = Debug|x64
		{50808070-EC2E-40CE-80BB-36782F689B94}.Debug|x86.ActiveCfg = Debug|Win32
		{50808070-EC2E-40CE-80BB-36782F689B94}.Debug|x86.Build.0 = Debug|Win32
		{50808070-EC2E-40CE-80BB-36782F689B94}.Release|x64.ActiveCfg = Release|x64
		{50808070-EC2E-40CE-80BB-36782F689B94}.Release|x64.Build.0 = Release|x64
		{50808070-EC2E-40CE-80BB-36782F689B94}.Release|x86.ActiveCfg = Release|Win32
		{50808070-EC2E-40CE-80BB-36782F689B94}.Release|x86.Build.0 = Release|Win32
	EndGlobalSection
	GlobalSection(SolutionProperties) = preSolution
		HideSolutionNode = FALSE
	EndGlobalSection
	GlobalSection(ExtensibilityGlobals) = postSolution
		SolutionGuid = {AA8FBC3E-7C02-4231-B221-74B86918E14A}
	EndGlobalSection
EndGlobal
